
Microsoft Visual Studio Solution File, Format Version 12.00
# Visual Studio Version 16
VisualStudioVersion = 16.0.30907.101
MinimumVisualStudioVersion = 10.0.40219.1
Project("{FAE04EC0-301F-11D3-BF4B-00C04F79EFBC}") = "Strings manip Pig Latin", "Strings manip Pig Latin\Strings manip Pig Latin.csproj", "{435BADC5-55BE-4EC2-BBB6-6D82476346CE}"
EndProject
Global
	GlobalSection(SolutionConfigurationPlatforms) = preSolution
		Debug|Any CPU = Debug|Any CPU
		Release|Any CPU = Release|Any CPU
	EndGlobalSection
	GlobalSection(ProjectConfigurationPlatforms) = postSolution
		{435BADC5-55BE-4EC2-BBB6-6D82476346CE}.Debug|Any CPU.ActiveCfg = Debug|Any CPU
		{435BADC5-55BE-4EC2-BBB6-6D82476346CE}.Debug|Any CPU.Build.0 = Debug|Any CPU
		{435BADC5-55BE-4EC2-BBB6-6D82476346CE}.Release|Any CPU.ActiveCfg = Release|Any CPU
		{435BADC5-55BE-4EC2-BBB6-6D82476346CE}.Release|Any CPU.Build.0 = Release|Any CPU
	EndGlobalSection
	GlobalSection(SolutionProperties) = preSolution
		HideSolutionNode = FALSE
	EndGlobalSection
	GlobalSection(ExtensibilityGlobals) = postSolution
		SolutionGuid = {F066DC4D-8188-45E5-A07B-4347F5A84079}
	EndGlobalSection
EndGlobal
